
Microsoft Visual Studio Solution File, Format Version 12.00
# Visual Studio 15
VisualStudioVersion = 15.0.26730.15
MinimumVisualStudioVersion = 10.0.40219.1
Project("{2150E333-8FDC-42A3-9474-1A3956D46DE8}") = "AccessLayer", "AccessLayer", "{9548F937-B0A4-40E3-AAAB-1A1BB5FC8072}"
EndProject
Project("{2150E333-8FDC-42A3-9474-1A3956D46DE8}") = "Presentation", "Presentation", "{CF486DC0-E7BC-416C-BB89-247BE8D857B4}"
EndProject
Project("{2150E333-8FDC-42A3-9474-1A3956D46DE8}") = "LogicLayer", "LogicLayer", "{575F4495-221B-4D2F-8FB3-95C601E5CFBA}"
EndProject
Project("{FAE04EC0-301F-11D3-BF4B-00C04F79EFBC}") = "Typer.Web", "..\Presentation\Typer.Web\Typer.Web.csproj", "{2E4FB8D1-1C1A-40FD-8D59-E0FAEDC2AB03}"
EndProject
Project("{FAE04EC0-301F-11D3-BF4B-00C04F79EFBC}") = "Typer.Database.Models", "..\AccessLayer\Typer.Database.Models\Typer.Database.Models.csproj", "{C17DCCAB-C6BC-45E8-ACDF-1636C5207C1E}"
EndProject
Project("{FAE04EC0-301F-11D3-BF4B-00C04F79EFBC}") = "Typer.Database.Migrations", "..\AccessLayer\Typer.Database.Migrations\Typer.Database.Migrations.csproj", "{EE2C082E-24D9-4570-B1EF-F2858FB95744}"
EndProject
Global
	GlobalSection(SolutionConfigurationPlatforms) = preSolution
		Debug|Any CPU = Debug|Any CPU
		Release|Any CPU = Release|Any CPU
	EndGlobalSection
	GlobalSection(ProjectConfigurationPlatforms) = postSolution
		{2E4FB8D1-1C1A-40FD-8D59-E0FAEDC2AB03}.Debug|Any CPU.ActiveCfg = Debug|Any CPU
		{2E4FB8D1-1C1A-40FD-8D59-E0FAEDC2AB03}.Debug|Any CPU.Build.0 = Debug|Any CPU
		{2E4FB8D1-1C1A-40FD-8D59-E0FAEDC2AB03}.Release|Any CPU.ActiveCfg = Release|Any CPU
		{2E4FB8D1-1C1A-40FD-8D59-E0FAEDC2AB03}.Release|Any CPU.Build.0 = Release|Any CPU
		{C17DCCAB-C6BC-45E8-ACDF-1636C5207C1E}.Debug|Any CPU.ActiveCfg = Debug|Any CPU
		{C17DCCAB-C6BC-45E8-ACDF-1636C5207C1E}.Debug|Any CPU.Build.0 = Debug|Any CPU
		{C17DCCAB-C6BC-45E8-ACDF-1636C5207C1E}.Release|Any CPU.ActiveCfg = Release|Any CPU
		{C17DCCAB-C6BC-45E8-ACDF-1636C5207C1E}.Release|Any CPU.Build.0 = Release|Any CPU
		{EE2C082E-24D9-4570-B1EF-F2858FB95744}.Debug|Any CPU.ActiveCfg = Debug|Any CPU
		{EE2C082E-24D9-4570-B1EF-F2858FB95744}.Debug|Any CPU.Build.0 = Debug|Any CPU
		{EE2C082E-24D9-4570-B1EF-F2858FB95744}.Release|Any CPU.ActiveCfg = Release|Any CPU
		{EE2C082E-24D9-4570-B1EF-F2858FB95744}.Release|Any CPU.Build.0 = Release|Any CPU
	EndGlobalSection
	GlobalSection(SolutionProperties) = preSolution
		HideSolutionNode = FALSE
	EndGlobalSection
	GlobalSection(NestedProjects) = preSolution
		{2E4FB8D1-1C1A-40FD-8D59-E0FAEDC2AB03} = {CF486DC0-E7BC-416C-BB89-247BE8D857B4}
		{C17DCCAB-C6BC-45E8-ACDF-1636C5207C1E} = {9548F937-B0A4-40E3-AAAB-1A1BB5FC8072}
		{EE2C082E-24D9-4570-B1EF-F2858FB95744} = {9548F937-B0A4-40E3-AAAB-1A1BB5FC8072}
	EndGlobalSection
	GlobalSection(ExtensibilityGlobals) = postSolution
		SolutionGuid = {101FBEB7-3AD2-429C-9659-1D73E2795E65}
	EndGlobalSection
EndGlobal
